
Microsoft Visual Studio Solution File, Format Version 12.00
Project("{FAE04EC0-301F-11D3-BF4B-00C04F79EFBC}") = "Yggdrasil", "Yggdrasil\Yggdrasil.csproj", "{EAF0E547-B135-4866-A821-BCBBF4D5DE95}"
EndProject
Project("{FAE04EC0-301F-11D3-BF4B-00C04F79EFBC}") = "BasicServer", "Examples\BasicServer\BasicServer.csproj", "{51F0D900-EC62-4BC9-9B2E-87302863BFF7}"
EndProject
Project("{FAE04EC0-301F-11D3-BF4B-00C04F79EFBC}") = "BasicClient", "Examples\BasicClient\BasicClient.csproj", "{65D107E0-F4C6-4F48-9D3F-10C63710AC41}"
EndProject
Project("{FAE04EC0-301F-11D3-BF4B-00C04F79EFBC}") = "ENet", "ENet\ENet.csproj", "{5E35EB05-DB20-4F68-AF54-74EF271C9659}"
EndProject
Global
	GlobalSection(SolutionConfigurationPlatforms) = preSolution
		Debug|Any CPU = Debug|Any CPU
		Release|Any CPU = Release|Any CPU
	EndGlobalSection
	GlobalSection(ProjectConfigurationPlatforms) = postSolution
		{EAF0E547-B135-4866-A821-BCBBF4D5DE95}.Debug|Any CPU.ActiveCfg = Debug|Any CPU
		{EAF0E547-B135-4866-A821-BCBBF4D5DE95}.Debug|Any CPU.Build.0 = Debug|Any CPU
		{EAF0E547-B135-4866-A821-BCBBF4D5DE95}.Release|Any CPU.ActiveCfg = Release|Any CPU
		{EAF0E547-B135-4866-A821-BCBBF4D5DE95}.Release|Any CPU.Build.0 = Release|Any CPU
		{51F0D900-EC62-4BC9-9B2E-87302863BFF7}.Debug|Any CPU.ActiveCfg = Debug|Any CPU
		{51F0D900-EC62-4BC9-9B2E-87302863BFF7}.Debug|Any CPU.Build.0 = Debug|Any CPU
		{51F0D900-EC62-4BC9-9B2E-87302863BFF7}.Release|Any CPU.ActiveCfg = Release|Any CPU
		{51F0D900-EC62-4BC9-9B2E-87302863BFF7}.Release|Any CPU.Build.0 = Release|Any CPU
		{65D107E0-F4C6-4F48-9D3F-10C63710AC41}.Debug|Any CPU.ActiveCfg = Debug|Any CPU
		{65D107E0-F4C6-4F48-9D3F-10C63710AC41}.Debug|Any CPU.Build.0 = Debug|Any CPU
		{65D107E0-F4C6-4F48-9D3F-10C63710AC41}.Release|Any CPU.ActiveCfg = Release|Any CPU
		{65D107E0-F4C6-4F48-9D3F-10C63710AC41}.Release|Any CPU.Build.0 = Release|Any CPU
		{5E35EB05-DB20-4F68-AF54-74EF271C9659}.Debug|Any CPU.ActiveCfg = Debug|Any CPU
		{5E35EB05-DB20-4F68-AF54-74EF271C9659}.Debug|Any CPU.Build.0 = Debug|Any CPU
		{5E35EB05-DB20-4F68-AF54-74EF271C9659}.Release|Any CPU.ActiveCfg = Release|Any CPU
		{5E35EB05-DB20-4F68-AF54-74EF271C9659}.Release|Any CPU.Build.0 = Release|Any CPU
	EndGlobalSection
EndGlobal
